{
  "name": "gitserver",
  "version": "1.0.0",
  "lockfileVersion": 1,
  "requires": true,
  "dependencies": {
    "node-git-server": {
      "version": "0.4.3",
      "resolved": "https://registry.npmjs.org/node-git-server/-/node-git-server-0.4.3.tgz",
      "integrity": "sha512-Q+Z8ef4Tw4ZP738iDr9ofPNq4M0fDdQ6/73Ak8SZRCtSsiXXHBgaja8BD/+krUYH7Df0QicsuLyT/mTmElRu7A==",
      "requires": {
        "through": "^2.3.8"
      }
    },
    "through": {
      "version": "2.3.8",
      "resolved": "http://registry.npmjs.org/through/-/through-2.3.8.tgz",
      "integrity": "sha1-DdTJ/6q8NXlgsbckEV1+Doai4fU="
    }
  }
}
